
Microsoft Visual Studio Solution File, Format Version 12.00
# Visual Studio Version 17
VisualStudioVersion = 17.0.32002.185
MinimumVisualStudioVersion = 10.0.40219.1
Project("{9A19103F-16F7-4668-BE54-9A1E7A4F7556}") = "BC.Auth.Server", "BC.Auth.Server\BC.Auth.Server.csproj", "{D12043A7-436F-4C60-AE8D-4A4D8EB6076C}"
EndProject
Project("{FAE04EC0-301F-11D3-BF4B-00C04F79EFBC}") = "BC.Auth.Resources", "BC.Auth.Resources\BC.Auth.Resources.csproj", "{94FCE79C-D0E3-4ACD-A5D8-45FED134DB6B}"
EndProject
Project("{FAE04EC0-301F-11D3-BF4B-00C04F79EFBC}") = "BC.Auth.Implementations", "BC.Auth.Implementations\BC.Auth.Implementations.csproj", "{B731D6B1-ADE7-4140-85DA-1913F9B3ED8B}"
EndProject
Project("{FAE04EC0-301F-11D3-BF4B-00C04F79EFBC}") = "BC.Auth.Infra", "BC.Auth.Infra\BC.Auth.Infra.csproj", "{179B4C58-1B15-48A2-A0AC-ECF2AF8DEE9B}"
EndProject
Project("{FAE04EC0-301F-11D3-BF4B-00C04F79EFBC}") = "BC.Auth.Domain", "BC.Auth.Domain\BC.Auth.Domain.csproj", "{5E9978DB-AE91-418D-B86E-552C8A5CDD5F}"
EndProject
Global
	GlobalSection(SolutionConfigurationPlatforms) = preSolution
		Debug|Any CPU = Debug|Any CPU
		Release|Any CPU = Release|Any CPU
	EndGlobalSection
	GlobalSection(ProjectConfigurationPlatforms) = postSolution
		{D12043A7-436F-4C60-AE8D-4A4D8EB6076C}.Debug|Any CPU.ActiveCfg = Debug|Any CPU
		{D12043A7-436F-4C60-AE8D-4A4D8EB6076C}.Debug|Any CPU.Build.0 = Debug|Any CPU
		{D12043A7-436F-4C60-AE8D-4A4D8EB6076C}.Release|Any CPU.ActiveCfg = Release|Any CPU
		{D12043A7-436F-4C60-AE8D-4A4D8EB6076C}.Release|Any CPU.Build.0 = Release|Any CPU
		{94FCE79C-D0E3-4ACD-A5D8-45FED134DB6B}.Debug|Any CPU.ActiveCfg = Debug|Any CPU
		{94FCE79C-D0E3-4ACD-A5D8-45FED134DB6B}.Debug|Any CPU.Build.0 = Debug|Any CPU
		{94FCE79C-D0E3-4ACD-A5D8-45FED134DB6B}.Release|Any CPU.ActiveCfg = Release|Any CPU
		{94FCE79C-D0E3-4ACD-A5D8-45FED134DB6B}.Release|Any CPU.Build.0 = Release|Any CPU
		{B731D6B1-ADE7-4140-85DA-1913F9B3ED8B}.Debug|Any CPU.ActiveCfg = Debug|Any CPU
		{B731D6B1-ADE7-4140-85DA-1913F9B3ED8B}.Debug|Any CPU.Build.0 = Debug|Any CPU
		{B731D6B1-ADE7-4140-85DA-1913F9B3ED8B}.Release|Any CPU.ActiveCfg = Release|Any CPU
		{B731D6B1-ADE7-4140-85DA-1913F9B3ED8B}.Release|Any CPU.Build.0 = Release|Any CPU
		{179B4C58-1B15-48A2-A0AC-ECF2AF8DEE9B}.Debug|Any CPU.ActiveCfg = Debug|Any CPU
		{179B4C58-1B15-48A2-A0AC-ECF2AF8DEE9B}.Debug|Any CPU.Build.0 = Debug|Any CPU
		{179B4C58-1B15-48A2-A0AC-ECF2AF8DEE9B}.Release|Any CPU.ActiveCfg = Release|Any CPU
		{179B4C58-1B15-48A2-A0AC-ECF2AF8DEE9B}.Release|Any CPU.Build.0 = Release|Any CPU
		{5E9978DB-AE91-418D-B86E-552C8A5CDD5F}.Debug|Any CPU.ActiveCfg = Debug|Any CPU
		{5E9978DB-AE91-418D-B86E-552C8A5CDD5F}.Debug|Any CPU.Build.0 = Debug|Any CPU
		{5E9978DB-AE91-418D-B86E-552C8A5CDD5F}.Release|Any CPU.ActiveCfg = Release|Any CPU
		{5E9978DB-AE91-418D-B86E-552C8A5CDD5F}.Release|Any CPU.Build.0 = Release|Any CPU
	EndGlobalSection
	GlobalSection(SolutionProperties) = preSolution
		HideSolutionNode = FALSE
	EndGlobalSection
	GlobalSection(ExtensibilityGlobals) = postSolution
		SolutionGuid = {B5B55BBC-1EEA-47D2-A4D5-0DBA4EE78F99}
	EndGlobalSection
EndGlobal
